
Microsoft Visual Studio Solution File, Format Version 12.00
# Visual Studio Version 17
VisualStudioVersion = 17.0.31611.283
MinimumVisualStudioVersion = 10.0.40219.1
Project("{9A19103F-16F7-4668-BE54-9A1E7A4F7556}") = "ToDoApp", "ToDoApp\ToDoApp.csproj", "{BF9086FA-6909-4E53-B841-4AB31D383C1C}"
EndProject
Project("{9A19103F-16F7-4668-BE54-9A1E7A4F7556}") = "ToDoApp.Test", "ToDoApp.Test\ToDoApp.Test.csproj", "{8877A13D-8EA4-4097-8C1D-94AD0C8EFE57}"
EndProject
Global
	GlobalSection(SolutionConfigurationPlatforms) = preSolution
		Debug|Any CPU = Debug|Any CPU
		Release|Any CPU = Release|Any CPU
	EndGlobalSection
	GlobalSection(ProjectConfigurationPlatforms) = postSolution
		{BF9086FA-6909-4E53-B841-4AB31D383C1C}.Debug|Any CPU.ActiveCfg = Debug|Any CPU
		{BF9086FA-6909-4E53-B841-4AB31D383C1C}.Debug|Any CPU.Build.0 = Debug|Any CPU
		{BF9086FA-6909-4E53-B841-4AB31D383C1C}.Debug|Any CPU.Deploy.0 = Debug|Any CPU
		{BF9086FA-6909-4E53-B841-4AB31D383C1C}.Release|Any CPU.ActiveCfg = Release|Any CPU
		{BF9086FA-6909-4E53-B841-4AB31D383C1C}.Release|Any CPU.Build.0 = Release|Any CPU
		{BF9086FA-6909-4E53-B841-4AB31D383C1C}.Release|Any CPU.Deploy.0 = Release|Any CPU
		{8877A13D-8EA4-4097-8C1D-94AD0C8EFE57}.Debug|Any CPU.ActiveCfg = Debug|Any CPU
		{8877A13D-8EA4-4097-8C1D-94AD0C8EFE57}.Debug|Any CPU.Build.0 = Debug|Any CPU
		{8877A13D-8EA4-4097-8C1D-94AD0C8EFE57}.Release|Any CPU.ActiveCfg = Release|Any CPU
		{8877A13D-8EA4-4097-8C1D-94AD0C8EFE57}.Release|Any CPU.Build.0 = Release|Any CPU
	EndGlobalSection
	GlobalSection(SolutionProperties) = preSolution
		HideSolutionNode = FALSE
	EndGlobalSection
	GlobalSection(ExtensibilityGlobals) = postSolution
		SolutionGuid = {61F7FB11-1E47-470C-91E2-47F8143E1572}
	EndGlobalSection
EndGlobal
